{
  "name": "test",
  "version": "1.0.0",
  "lockfileVersion": 2,
  "requires": true,
  "packages": {
    "": {
      "name": "test",
      "version": "1.0.0",
      "license": "ISC",
      "dependencies": {
        "@prisma/client": "^3.14.0"
      },
      "devDependencies": {
        "@types/uuid": "^8.3.4",
        "prisma": "^3.14.0"
      }
    },
    "node_modules/@prisma/client": {
      "version": "3.14.0",
      "resolved": "https://registry.npmjs.org/@prisma/client/-/client-3.14.0.tgz",
      "integrity": "sha512-atb41UpgTR1MCst0VIbiHTMw8lmXnwUvE1KyUCAkq08+wJyjRE78Due+nSf+7uwqQn+fBFYVmoojtinhlLOSaA==",
      "hasInstallScript": true,
      "dependencies": {
        "@prisma/engines-version": "3.14.0-36.2b0c12756921c891fec4f68d9444e18c7d5d4a6a"
      },
      "engines": {
        "node": ">=12.6"
      },
      "peerDependencies": {
        "prisma": "*"
      },
      "peerDependenciesMeta": {
        "prisma": {
          "optional": true
        }
      }
    },
    "node_modules/@prisma/engines": {
      "version": "3.14.0-36.2b0c12756921c891fec4f68d9444e18c7d5d4a6a",
      "resolved": "https://registry.npmjs.org/@prisma/engines/-/engines-3.14.0-36.2b0c12756921c891fec4f68d9444e18c7d5d4a6a.tgz",
      "integrity": "sha512-LwZvI3FY6f43xFjQNRuE10JM5R8vJzFTSmbV9X0Wuhv9kscLkjRlZt0BEoiHmO+2HA3B3xxbMfB5du7ZoSFXGg==",
      "devOptional": true,
      "hasInstallScript": true
    },
    "node_modules/@prisma/engines-version": {
      "version": "3.14.0-36.2b0c12756921c891fec4f68d9444e18c7d5d4a6a",
      "resolved": "https://registry.npmjs.org/@prisma/engines-version/-/engines-version-3.14.0-36.2b0c12756921c891fec4f68d9444e18c7d5d4a6a.tgz",
      "integrity": "sha512-D+yHzq4a2r2Rrd0ZOW/mTZbgDIkUkD8ofKgusEI1xPiZz60Daks+UM7Me2ty5FzH3p/TgyhBpRrfIHx+ha20RQ=="
    },
    "node_modules/@types/uuid": {
      "version": "8.3.4",
      "resolved": "https://registry.npmjs.org/@types/uuid/-/uuid-8.3.4.tgz",
      "integrity": "sha512-c/I8ZRb51j+pYGAu5CrFMRxqZ2ke4y2grEBO5AUjgSkSk+qT2Ea+OdWElz/OiMf5MNpn2b17kuVBwZLQJXzihw==",
      "dev": true
    },
    "node_modules/prisma": {
      "version": "3.14.0",
      "resolved": "https://registry.npmjs.org/prisma/-/prisma-3.14.0.tgz",
      "integrity": "sha512-l9MOgNCn/paDE+i1K2fp9NZ+Du4trzPTJsGkaQHVBufTGqzoYHuNk8JfzXuIn0Gte6/ZjyKj652Jq/Lc1tp2yw==",
      "devOptional": true,
      "hasInstallScript": true,
      "dependencies": {
        "@prisma/engines": "3.14.0-36.2b0c12756921c891fec4f68d9444e18c7d5d4a6a"
      },
      "bin": {
        "prisma": "build/index.js",
        "prisma2": "build/index.js"
      },
      "engines": {
        "node": ">=12.6"
      }
    }
  },
  "dependencies": {
    "@prisma/client": {
      "version": "3.14.0",
      "resolved": "https://registry.npmjs.org/@prisma/client/-/client-3.14.0.tgz",
      "integrity": "sha512-atb41UpgTR1MCst0VIbiHTMw8lmXnwUvE1KyUCAkq08+wJyjRE78Due+nSf+7uwqQn+fBFYVmoojtinhlLOSaA==",
      "requires": {
        "@prisma/engines-version": "3.14.0-36.2b0c12756921c891fec4f68d9444e18c7d5d4a6a"
      }
    },
    "@prisma/engines": {
      "version": "3.14.0-36.2b0c12756921c891fec4f68d9444e18c7d5d4a6a",
      "resolved": "https://registry.npmjs.org/@prisma/engines/-/engines-3.14.0-36.2b0c12756921c891fec4f68d9444e18c7d5d4a6a.tgz",
      "integrity": "sha512-LwZvI3FY6f43xFjQNRuE10JM5R8vJzFTSmbV9X0Wuhv9kscLkjRlZt0BEoiHmO+2HA3B3xxbMfB5du7ZoSFXGg==",
      "devOptional": true
    },
    "@prisma/engines-version": {
      "version": "3.14.0-36.2b0c12756921c891fec4f68d9444e18c7d5d4a6a",
      "resolved": "https://registry.npmjs.org/@prisma/engines-version/-/engines-version-3.14.0-36.2b0c12756921c891fec4f68d9444e18c7d5d4a6a.tgz",
      "integrity": "sha512-D+yHzq4a2r2Rrd0ZOW/mTZbgDIkUkD8ofKgusEI1xPiZz60Daks+UM7Me2ty5FzH3p/TgyhBpRrfIHx+ha20RQ=="
    },
    "@types/uuid": {
      "version": "8.3.4",
      "resolved": "https://registry.npmjs.org/@types/uuid/-/uuid-8.3.4.tgz",
      "integrity": "sha512-c/I8ZRb51j+pYGAu5CrFMRxqZ2ke4y2grEBO5AUjgSkSk+qT2Ea+OdWElz/OiMf5MNpn2b17kuVBwZLQJXzihw==",
      "dev": true
    },
    "prisma": {
      "version": "3.14.0",
      "resolved": "https://registry.npmjs.org/prisma/-/prisma-3.14.0.tgz",
      "integrity": "sha512-l9MOgNCn/paDE+i1K2fp9NZ+Du4trzPTJsGkaQHVBufTGqzoYHuNk8JfzXuIn0Gte6/ZjyKj652Jq/Lc1tp2yw==",
      "devOptional": true,
      "requires": {
        "@prisma/engines": "3.14.0-36.2b0c12756921c891fec4f68d9444e18c7d5d4a6a"
      }
    }
  }
}
